
Microsoft Visual Studio Solution File, Format Version 12.00
# Visual Studio Version 16
VisualStudioVersion = 16.0.31205.134
MinimumVisualStudioVersion = 10.0.40219.1
Project("{FAE04EC0-301F-11D3-BF4B-00C04F79EFBC}") = "application adoption", "application adoption.csproj", "{A587835E-74FC-42AF-8B97-B7C48250D078}"
EndProject
Global
	GlobalSection(SolutionConfigurationPlatforms) = preSolution
		Debug|Any CPU = Debug|Any CPU
		Release|Any CPU = Release|Any CPU
	EndGlobalSection
	GlobalSection(ProjectConfigurationPlatforms) = postSolution
		{A587835E-74FC-42AF-8B97-B7C48250D078}.Debug|Any CPU.ActiveCfg = Debug|Any CPU
		{A587835E-74FC-42AF-8B97-B7C48250D078}.Debug|Any CPU.Build.0 = Debug|Any CPU
		{A587835E-74FC-42AF-8B97-B7C48250D078}.Release|Any CPU.ActiveCfg = Release|Any CPU
		{A587835E-74FC-42AF-8B97-B7C48250D078}.Release|Any CPU.Build.0 = Release|Any CPU
	EndGlobalSection
	GlobalSection(SolutionProperties) = preSolution
		HideSolutionNode = FALSE
	EndGlobalSection
	GlobalSection(ExtensibilityGlobals) = postSolution
		SolutionGuid = {1F7AF782-34BF-4E9A-8B79-5C489F2299C4}
	EndGlobalSection
EndGlobal
